
Microsoft Visual Studio Solution File, Format Version 12.00
# Visual Studio Express 14 for Windows Desktop
VisualStudioVersion = 14.0.25420.1
MinimumVisualStudioVersion = 10.0.40219.1
Project("{FAE04EC0-301F-11D3-BF4B-00C04F79EFBC}") = "Demo.InsuranceCalculationApp", "Demo.InsuranceCalculationApp\Demo.InsuranceCalculationApp.csproj", "{A80DF72A-7FB8-4459-85BE-0AC37B7BB092}"
EndProject
Project("{FAE04EC0-301F-11D3-BF4B-00C04F79EFBC}") = "Demo.Presentation", "Demo.Presentation\Demo.Presentation.csproj", "{0AE22329-D43A-44D4-BE22-DF3C02A47019}"
EndProject
Project("{FAE04EC0-301F-11D3-BF4B-00C04F79EFBC}") = "Demo.InsuranceCalculation", "Demo.InsuranceCalculation.Common\Demo.InsuranceCalculation.csproj", "{A6E49CDF-2314-45F9-B55D-4B8A80FA3ED1}"
EndProject
Project("{2150E333-8FDC-42A3-9474-1A3956D46DE8}") = "Tests", "Tests", "{7F09DE49-1BDF-414E-AC68-2E2CC7E39D94}"
EndProject
Project("{FAE04EC0-301F-11D3-BF4B-00C04F79EFBC}") = "Demo.InsuranceCalculation.Tests", "Demo.InsuranceCalculation.Tests\Demo.InsuranceCalculation.Tests.csproj", "{3F936DD4-540C-4D7D-80A0-30AB0193D26A}"
EndProject
Global
	GlobalSection(SolutionConfigurationPlatforms) = preSolution
		Debug|Any CPU = Debug|Any CPU
		Release|Any CPU = Release|Any CPU
	EndGlobalSection
	GlobalSection(ProjectConfigurationPlatforms) = postSolution
		{A80DF72A-7FB8-4459-85BE-0AC37B7BB092}.Debug|Any CPU.ActiveCfg = Debug|Any CPU
		{A80DF72A-7FB8-4459-85BE-0AC37B7BB092}.Debug|Any CPU.Build.0 = Debug|Any CPU
		{A80DF72A-7FB8-4459-85BE-0AC37B7BB092}.Release|Any CPU.ActiveCfg = Release|Any CPU
		{A80DF72A-7FB8-4459-85BE-0AC37B7BB092}.Release|Any CPU.Build.0 = Release|Any CPU
		{0AE22329-D43A-44D4-BE22-DF3C02A47019}.Debug|Any CPU.ActiveCfg = Debug|Any CPU
		{0AE22329-D43A-44D4-BE22-DF3C02A47019}.Debug|Any CPU.Build.0 = Debug|Any CPU
		{0AE22329-D43A-44D4-BE22-DF3C02A47019}.Release|Any CPU.ActiveCfg = Release|Any CPU
		{0AE22329-D43A-44D4-BE22-DF3C02A47019}.Release|Any CPU.Build.0 = Release|Any CPU
		{A6E49CDF-2314-45F9-B55D-4B8A80FA3ED1}.Debug|Any CPU.ActiveCfg = Debug|Any CPU
		{A6E49CDF-2314-45F9-B55D-4B8A80FA3ED1}.Debug|Any CPU.Build.0 = Debug|Any CPU
		{A6E49CDF-2314-45F9-B55D-4B8A80FA3ED1}.Release|Any CPU.ActiveCfg = Release|Any CPU
		{A6E49CDF-2314-45F9-B55D-4B8A80FA3ED1}.Release|Any CPU.Build.0 = Release|Any CPU
		{3F936DD4-540C-4D7D-80A0-30AB0193D26A}.Debug|Any CPU.ActiveCfg = Debug|Any CPU
		{3F936DD4-540C-4D7D-80A0-30AB0193D26A}.Debug|Any CPU.Build.0 = Debug|Any CPU
		{3F936DD4-540C-4D7D-80A0-30AB0193D26A}.Release|Any CPU.ActiveCfg = Release|Any CPU
		{3F936DD4-540C-4D7D-80A0-30AB0193D26A}.Release|Any CPU.Build.0 = Release|Any CPU
	EndGlobalSection
	GlobalSection(SolutionProperties) = preSolution
		HideSolutionNode = FALSE
	EndGlobalSection
	GlobalSection(NestedProjects) = preSolution
		{3F936DD4-540C-4D7D-80A0-30AB0193D26A} = {7F09DE49-1BDF-414E-AC68-2E2CC7E39D94}
	EndGlobalSection
EndGlobal
